
Microsoft Visual Studio Solution File, Format Version 12.00
# Visual Studio Version 16
VisualStudioVersion = 16.0.29025.244
MinimumVisualStudioVersion = 10.0.40219.1
Project("{FAE04EC0-301F-11D3-BF4B-00C04F79EFBC}") = "VMATTBIautoPlan", "VMATTBIautoPlan\VMATTBIautoPlan.csproj", "{5B37FC93-0678-45CF-9AB0-3BD47C2C38A7}"
EndProject
Project("{FAE04EC0-301F-11D3-BF4B-00C04F79EFBC}") = "VMATTBI_optLoopMT", "VMATTBI_optLoopMT\VMATTBI_optLoopMT.csproj", "{2E5514A6-DC98-4BCA-B171-CD6A6CDCE460}"
EndProject
Project("{2150E333-8FDC-42A3-9474-1A3956D46DE8}") = "configuration", "configuration", "{AB3F2A46-A685-4198-9551-DB19F27C95FC}"
	ProjectSection(SolutionItems) = preProject
		configuration\VMAT_TBI_config.ini = configuration\VMAT_TBI_config.ini
	EndProjectSection
EndProject
Global
	GlobalSection(SolutionConfigurationPlatforms) = preSolution
		Debug|Any CPU = Debug|Any CPU
		Debug|x64 = Debug|x64
		Release|Any CPU = Release|Any CPU
		Release|x64 = Release|x64
	EndGlobalSection
	GlobalSection(ProjectConfigurationPlatforms) = postSolution
		{5B37FC93-0678-45CF-9AB0-3BD47C2C38A7}.Debug|Any CPU.ActiveCfg = Debug|x64
		{5B37FC93-0678-45CF-9AB0-3BD47C2C38A7}.Debug|Any CPU.Build.0 = Debug|x64
		{5B37FC93-0678-45CF-9AB0-3BD47C2C38A7}.Debug|x64.ActiveCfg = Debug|x64
		{5B37FC93-0678-45CF-9AB0-3BD47C2C38A7}.Debug|x64.Build.0 = Debug|x64
		{5B37FC93-0678-45CF-9AB0-3BD47C2C38A7}.Release|Any CPU.ActiveCfg = Release|x64
		{5B37FC93-0678-45CF-9AB0-3BD47C2C38A7}.Release|x64.ActiveCfg = Release|x64
		{5B37FC93-0678-45CF-9AB0-3BD47C2C38A7}.Release|x64.Build.0 = Release|x64
		{2E5514A6-DC98-4BCA-B171-CD6A6CDCE460}.Debug|Any CPU.ActiveCfg = Debug|Any CPU
		{2E5514A6-DC98-4BCA-B171-CD6A6CDCE460}.Debug|Any CPU.Build.0 = Debug|Any CPU
		{2E5514A6-DC98-4BCA-B171-CD6A6CDCE460}.Debug|x64.ActiveCfg = Debug|x64
		{2E5514A6-DC98-4BCA-B171-CD6A6CDCE460}.Debug|x64.Build.0 = Debug|x64
		{2E5514A6-DC98-4BCA-B171-CD6A6CDCE460}.Release|Any CPU.ActiveCfg = Release|Any CPU
		{2E5514A6-DC98-4BCA-B171-CD6A6CDCE460}.Release|Any CPU.Build.0 = Release|Any CPU
		{2E5514A6-DC98-4BCA-B171-CD6A6CDCE460}.Release|x64.ActiveCfg = Release|x64
		{2E5514A6-DC98-4BCA-B171-CD6A6CDCE460}.Release|x64.Build.0 = Release|x64
	EndGlobalSection
	GlobalSection(SolutionProperties) = preSolution
		HideSolutionNode = FALSE
	EndGlobalSection
	GlobalSection(ExtensibilityGlobals) = postSolution
		SolutionGuid = {19120457-0C52-4885-9A69-288820E99EF9}
	EndGlobalSection
EndGlobal
