
Microsoft Visual Studio Solution File, Format Version 12.00
# Visual Studio 15
VisualStudioVersion = 15.0.28307.572
MinimumVisualStudioVersion = 10.0.40219.1
Project("{FAE04EC0-301F-11D3-BF4B-00C04F79EFBC}") = "VMATTBI_optLoopMT", "VMATTBI_optLoopMT\VMATTBI_optLoopMT.csproj", "{2E5514A6-DC98-4BCA-B171-CD6A6CDCE460}"
EndProject
Global
	GlobalSection(SolutionConfigurationPlatforms) = preSolution
		Debug|Any CPU = Debug|Any CPU
		Release|Any CPU = Release|Any CPU
	EndGlobalSection
	GlobalSection(ProjectConfigurationPlatforms) = postSolution
		{2E5514A6-DC98-4BCA-B171-CD6A6CDCE460}.Debug|Any CPU.ActiveCfg = Debug|Any CPU
		{2E5514A6-DC98-4BCA-B171-CD6A6CDCE460}.Debug|Any CPU.Build.0 = Debug|Any CPU
		{2E5514A6-DC98-4BCA-B171-CD6A6CDCE460}.Release|Any CPU.ActiveCfg = Release|Any CPU
		{2E5514A6-DC98-4BCA-B171-CD6A6CDCE460}.Release|Any CPU.Build.0 = Release|Any CPU
	EndGlobalSection
	GlobalSection(SolutionProperties) = preSolution
		HideSolutionNode = FALSE
	EndGlobalSection
	GlobalSection(ExtensibilityGlobals) = postSolution
		SolutionGuid = {09C98C85-A9FA-49A5-8FF0-E108D00AD5DE}
	EndGlobalSection
EndGlobal
